{
  "projects": [
    {
      "projectId": "28Ba3BDvRe7EiWdfFNnLB6",
      "version": "1.1.1",
      "dependencies": {},
      "lang": "ts",
      "fileLocks": [
        {
          "type": "globalVariant",
          "assetId": "b8vOdIx-F6-",
          "checksum": "781b8ea08adb2d7ee2016f7830132082"
        },
        {
          "assetId": "28Ba3BDvRe7EiWdfFNnLB6",
          "type": "projectCss",
          "checksum": "6a4514a75f27ba4d1229049236bcb404"
        }
      ],
      "codegenVersion": "0.0.1"
    },
    {
      "projectId": "feB2VQPNZahnY5LzQYmkWq",
      "version": "latest",
      "dependencies": {
        "28Ba3BDvRe7EiWdfFNnLB6": "1.1.1"
      },
      "lang": "ts",
      "fileLocks": [
        {
          "type": "globalVariant",
          "assetId": "Dlm0DYSY6Lxx5i",
          "checksum": "30f77383b89cceb10613ddcebea4ba02"
        },
        {
          "assetId": "feB2VQPNZahnY5LzQYmkWq",
          "type": "projectCss",
          "checksum": "01ab5adf71206779c7cb1185a5199923"
        },
        {
          "type": "renderModule",
          "assetId": "3cVBCimcnG4Fg",
          "checksum": "ba7740bbe7a6e036ff4bf94f6e554517"
        },
        {
          "type": "cssRules",
          "assetId": "3cVBCimcnG4Fg",
          "checksum": "ba7740bbe7a6e036ff4bf94f6e554517"
        },
        {
          "type": "renderModule",
          "assetId": "D3qQhsVMSYbK2V",
          "checksum": "57128e277197d47f5f27d88488b26d93"
        },
        {
          "type": "cssRules",
          "assetId": "D3qQhsVMSYbK2V",
          "checksum": "57128e277197d47f5f27d88488b26d93"
        },
        {
          "type": "renderModule",
          "assetId": "xcrnevIKtbTBx8",
          "checksum": "b7ff4f28e4d3bbafe78475107ffb3e96"
        },
        {
          "type": "cssRules",
          "assetId": "xcrnevIKtbTBx8",
          "checksum": "b7ff4f28e4d3bbafe78475107ffb3e96"
        },
        {
          "type": "renderModule",
          "assetId": "_GSXdVTKgkaYcn",
          "checksum": "a8599a88371d68f7725dc4a00b7b5a91"
        },
        {
          "type": "cssRules",
          "assetId": "_GSXdVTKgkaYcn",
          "checksum": "a8599a88371d68f7725dc4a00b7b5a91"
        },
        {
          "type": "renderModule",
          "assetId": "TFgoN3cpR2kTNe",
          "checksum": "b976e32e955f281de5aa9e68166fdb84"
        },
        {
          "type": "cssRules",
          "assetId": "TFgoN3cpR2kTNe",
          "checksum": "b976e32e955f281de5aa9e68166fdb84"
        },
        {
          "type": "renderModule",
          "assetId": "E2J7BA6ReKrT3s",
          "checksum": "e8b9e3b996a3121e9d2b0ff3e2eddda5"
        },
        {
          "type": "cssRules",
          "assetId": "E2J7BA6ReKrT3s",
          "checksum": "e8b9e3b996a3121e9d2b0ff3e2eddda5"
        },
        {
          "type": "renderModule",
          "assetId": "L76yNxx4JCZUVu",
          "checksum": "b936872c058a9c71ca30ab593d2fbc90"
        },
        {
          "type": "cssRules",
          "assetId": "L76yNxx4JCZUVu",
          "checksum": "b936872c058a9c71ca30ab593d2fbc90"
        },
        {
          "type": "renderModule",
          "assetId": "B6C4ENEJH6xECw",
          "checksum": "0158f075397b556699c256a2faf65796"
        },
        {
          "type": "cssRules",
          "assetId": "B6C4ENEJH6xECw",
          "checksum": "0158f075397b556699c256a2faf65796"
        },
        {
          "type": "renderModule",
          "assetId": "f3zVHQIuzi6bP9",
          "checksum": "1c985ca7d816aaaf57aeaa678a0a597b"
        },
        {
          "type": "cssRules",
          "assetId": "f3zVHQIuzi6bP9",
          "checksum": "1c985ca7d816aaaf57aeaa678a0a597b"
        },
        {
          "type": "icon",
          "assetId": "vYRjynIRsI8Evg",
          "checksum": "db0a4425b73bd9899b4113901816013f"
        },
        {
          "type": "icon",
          "assetId": "4fkUu4kT64YXVj",
          "checksum": "1ae31ab2881369049d9d421ced64e021"
        },
        {
          "type": "icon",
          "assetId": "eSGSw9n2uJitvZ",
          "checksum": "46ea5eb133e3c2a65625b28d9b763a91"
        },
        {
          "type": "icon",
          "assetId": "ZJB47fzC3K45TW",
          "checksum": "ee872a69a2117faad89b38754b3f7f8d"
        },
        {
          "type": "icon",
          "assetId": "qrAJ4195qgImyu",
          "checksum": "cf11430d747d5f5a935c3e427f187fa3"
        },
        {
          "type": "icon",
          "assetId": "RkDNeZnjf88UUN",
          "checksum": "3c1bd34b506255cdbdc85e1cc849ee5e"
        },
        {
          "type": "icon",
          "assetId": "mVB09PurNybQ9R",
          "checksum": "e39210bf0db2b259a4061ff2df82e39e"
        },
        {
          "type": "icon",
          "assetId": "WJxduPtkN5FRtU",
          "checksum": "554ea10cf8ce09f822b7f89cca2b10b7"
        },
        {
          "type": "icon",
          "assetId": "FfeGkehQUacMMy",
          "checksum": "f73fbbe09b906ce0ec68b5325b5044eb"
        },
        {
          "type": "icon",
          "assetId": "CBaP-B8RZlc2n5",
          "checksum": "8c6dfe2de3ad510b0cda361d9dccccc5"
        },
        {
          "type": "icon",
          "assetId": "hIsHjNkQVKbYYg",
          "checksum": "bf3ffd0a37ce6625a31610b7f612ea7d"
        },
        {
          "type": "icon",
          "assetId": "C_g5dxy6iN1GDD",
          "checksum": "67278aae3a26408589814d3648e6d7c0"
        },
        {
          "type": "icon",
          "assetId": "v-fgqAKqi9dKbL",
          "checksum": "92cf14e96c99240ca40ac644ce04f86f"
        },
        {
          "type": "icon",
          "assetId": "OuD6LlqYKqBMxZ",
          "checksum": "cabedb6eda6e69b756ac2bf2c5066b34"
        },
        {
          "type": "icon",
          "assetId": "Olx-8yfn1JIf70",
          "checksum": "17af4730bac50f953f8e9708de102cd6"
        },
        {
          "type": "icon",
          "assetId": "VQXIqf9CcBG29B",
          "checksum": "df79cf4b4b71cab0f6436a6d7acc38f0"
        },
        {
          "type": "icon",
          "assetId": "lB62t3uANS5gaQ",
          "checksum": "3e4ff9026f8880f8315592148e654ef4"
        },
        {
          "type": "icon",
          "assetId": "Fbm1ZQ4zaEMqa1",
          "checksum": "3d98b1b4b002ed759bfe62560a9522a6"
        },
        {
          "type": "icon",
          "assetId": "Kd40YsAOYlXSop",
          "checksum": "2e50f423652a35230140dd49e35f1d31"
        },
        {
          "type": "icon",
          "assetId": "vq2CxTcG61TnBh",
          "checksum": "deba05892577c61248a2728f4bf258c5"
        },
        {
          "type": "icon",
          "assetId": "qvdtKmAE7Risam",
          "checksum": "9b8e27824994f4726af111f2012e9ef1"
        },
        {
          "type": "icon",
          "assetId": "I2Nfxoku4QR4GX",
          "checksum": "754b4afe558a175beb2182ef335f2866"
        },
        {
          "type": "icon",
          "assetId": "uHiFERjg2nWyxa",
          "checksum": "3e03e38d39fe75d88f970432934f8a14"
        },
        {
          "type": "image",
          "assetId": "PBC0GcnrOwK9z1",
          "checksum": "267911fb34de24f2521bc52704edba67"
        },
        {
          "type": "image",
          "assetId": "b7emloP-LQuvsa",
          "checksum": "c767684aa40ee34403aaeb7fb17cdec7"
        },
        {
          "type": "image",
          "assetId": "06kDsvT1oEIh1x",
          "checksum": "d4845adf909c3b41419afc0e85f47c04"
        },
        {
          "type": "image",
          "assetId": "OvfrQCf7WeQmWT",
          "checksum": "ca3f9b3eeaead56e8a683fb7e73f2201"
        },
        {
          "type": "image",
          "assetId": "fbQwrSCMzrsDmh",
          "checksum": "60b6514d67d36ca35bc1792b3e2b0e40"
        },
        {
          "type": "image",
          "assetId": "UfMV81gjRTOL_V",
          "checksum": "50b1db6af14259d849dc9def7f96fe50"
        },
        {
          "type": "image",
          "assetId": "XfSBuq0bezZQBE",
          "checksum": "c3cb7fbd3be54118d46310e6b311e043"
        },
        {
          "type": "image",
          "assetId": "yU9sYdW-k5zBFw",
          "checksum": "cd77e19425773a6c8b811edf48751ba4"
        },
        {
          "type": "image",
          "assetId": "IIIBECvdgczuTo",
          "checksum": "63e129e1edaba4f49e7d2c56d80723b0"
        },
        {
          "type": "image",
          "assetId": "kcwdO1hl1R4ORo",
          "checksum": "b162cd6e5728ceb070c21c64d67edd2f"
        },
        {
          "type": "image",
          "assetId": "qnL07kpPc6BG_j",
          "checksum": "d89c8665b5c163090aacd5d0f674da45"
        },
        {
          "type": "image",
          "assetId": "onVNEwzpo7V-Uy",
          "checksum": "f9cdff031e3f42b67326057e3e62ca0a"
        },
        {
          "type": "image",
          "assetId": "AXnpt4FzrhO4q7",
          "checksum": "b08ca622be890edcbd19c69e201ce96e"
        },
        {
          "type": "image",
          "assetId": "baYYS6268EXrlG",
          "checksum": "f8ee616a95aa1548d922fa1a83bb51fd"
        },
        {
          "type": "image",
          "assetId": "o-_L8kEJbT7Ktv",
          "checksum": "a9cf90e7eb35cb12541d017107945e37"
        },
        {
          "type": "image",
          "assetId": "-RvcxIJtskVnH2",
          "checksum": "4d88106169950bc1336ad49ad8720a71"
        },
        {
          "type": "image",
          "assetId": "SiRw9GWhitChbk",
          "checksum": "5e62fb6dc3afd7c56a7258e0abc05fb5"
        },
        {
          "type": "image",
          "assetId": "KwErIu3g_ekDxp",
          "checksum": "0e07fa0f1f2b2d343973b479aafcb41f"
        },
        {
          "type": "image",
          "assetId": "2QBIfRysHuV26Q",
          "checksum": "c1a87c801b66d3e24e371d6bec79dd97"
        },
        {
          "type": "image",
          "assetId": "2o8XGyAOQszh-B",
          "checksum": "52c158e648159875c73f8e07530cfae0"
        },
        {
          "type": "image",
          "assetId": "5y3xwEeJAePpuq",
          "checksum": "4b72b75df01b094c186ada01d37e24fd"
        },
        {
          "type": "image",
          "assetId": "Lgi12FuWZvbo7w",
          "checksum": "09bd2faf08c3f62d5315d1cb5620af10"
        },
        {
          "type": "image",
          "assetId": "te5lHN3uJi52jm",
          "checksum": "9fa9a1147c027db162fe2b791b5e22e4"
        },
        {
          "type": "image",
          "assetId": "97TIX-HiiVP8m1",
          "checksum": "b935993f70aa32fb924a71ab1d4c2792"
        },
        {
          "type": "image",
          "assetId": "Zgas_83H_PXBqy",
          "checksum": "1dc658bae70bd1617ac7b3eeab1f0000"
        },
        {
          "type": "image",
          "assetId": "N4X0R4GtjoSdnG",
          "checksum": "790163022c24d39845bf4e430368d0f6"
        },
        {
          "type": "image",
          "assetId": "r0q30zu_DrDYTO",
          "checksum": "09d98dd28de774ab88a59f9cb97ba7ba"
        },
        {
          "type": "image",
          "assetId": "1YxFC4myxNIT_1",
          "checksum": "3f2d2aecd908a6872e9b4a80e8b66c20"
        },
        {
          "type": "image",
          "assetId": "V-rm8eIUDZoxyF",
          "checksum": "c7f0797a29b6b3669f7834b76360a7ce"
        },
        {
          "type": "image",
          "assetId": "RifbNBEeB_OZ4-",
          "checksum": "309e5d3c640fad63d2b6671d47d1e27b"
        },
        {
          "type": "image",
          "assetId": "uzwIejaMronR_W",
          "checksum": "0da473e780439851224c1299da7b1621"
        },
        {
          "type": "image",
          "assetId": "tYnmn3zpOf8tOl",
          "checksum": "5b089e19a4414a0bb869f06ab51ded93"
        },
        {
          "type": "image",
          "assetId": "RzDldMr5zW3arp",
          "checksum": "f8b3d81665e17dc08a26469cd156821c"
        },
        {
          "type": "image",
          "assetId": "EUPAqf-sGsRIDG",
          "checksum": "abb76cb50760f8d6ba005a56068da933"
        },
        {
          "type": "image",
          "assetId": "3bYFT1D8HUcMHI",
          "checksum": "7f12fafa2eadc2bd4c7db5e06a592007"
        }
      ],
      "codegenVersion": "0.0.1"
    }
  ],
  "cliVersion": "0.1.174"
}
